// !$*UTF8*$!
{
	archiveVersion = 1;
	classes = {
	};
	objectVersion = 56;
	objects = {

/* Begin PBXBuildFile section */
		BC189CC52E26BC3300DBC565 /* CategoryServiceTests.swift in Sources */ = {isa = PBXBuildFile; fileRef = BC189CC42E26BC3300DBC565 /* CategoryServiceTests.swift */; };
		BC189CC82E26BF2000DBC565 /* FilmServiceTests.swift in Sources */ = {isa = PBXBuildFile; fileRef = BC189CC72E26BF2000DBC565 /* FilmServiceTests.swift */; };
		BC189CCA2E26BF7C00DBC565 /* NetworkFetchingService.swift in Sources */ = {isa = PBXBuildFile; fileRef = BC189CC92E26BF7C00DBC565 /* NetworkFetchingService.swift */; };
		BC189CCC2E26C14F00DBC565 /* CharacterServiceTests.swift in Sources */ = {isa = PBXBuildFile; fileRef = BC189CCB2E26C14F00DBC565 /* CharacterServiceTests.swift */; };
		BC189CCE2E26C24300DBC565 /* MockJSON.swift in Sources */ = {isa = PBXBuildFile; fileRef = BC189CCD2E26C24300DBC565 /* MockJSON.swift */; };
		BC189CD42E26D01700DBC565 /* NetworkFetchingServiceTests.swift in Sources */ = {isa = PBXBuildFile; fileRef = BC189CD32E26D01700DBC565 /* NetworkFetchingServiceTests.swift */; };
		BC189CD92E26D16B00DBC565 /* NetworkFetchingHelper.swift in Sources */ = {isa = PBXBuildFile; fileRef = BC189CD82E26D16B00DBC565 /* NetworkFetchingHelper.swift */; };
		BC189CDD2E26D73C00DBC565 /* MockCategoryService.swift in Sources */ = {isa = PBXBuildFile; fileRef = BC189CDC2E26D73C00DBC565 /* MockCategoryService.swift */; };
		BC189CDF2E26D76500DBC565 /* CategoriesViewModelTests.swift in Sources */ = {isa = PBXBuildFile; fileRef = BC189CDE2E26D76500DBC565 /* CategoriesViewModelTests.swift */; };
		BC189CE12E26E55800DBC565 /* FilmsViewModelTests.swift in Sources */ = {isa = PBXBuildFile; fileRef = BC189CE02E26E55800DBC565 /* FilmsViewModelTests.swift */; };
		BC189CE32E26E5CC00DBC565 /* MockFilmService.swift in Sources */ = {isa = PBXBuildFile; fileRef = BC189CE22E26E5CC00DBC565 /* MockFilmService.swift */; };
		BC189CE52E26E9C700DBC565 /* CharacterViewModelTests.swift in Sources */ = {isa = PBXBuildFile; fileRef = BC189CE42E26E9C700DBC565 /* CharacterViewModelTests.swift */; };
		BC189CE72E26EA2200DBC565 /* MockCharacterService.swift in Sources */ = {isa = PBXBuildFile; fileRef = BC189CE62E26EA2200DBC565 /* MockCharacterService.swift */; };
		BC189CE92E27909A00DBC565 /* PlaceholderCharacterCell.swift in Sources */ = {isa = PBXBuildFile; fileRef = BC189CE82E27909A00DBC565 /* PlaceholderCharacterCell.swift */; };
		BC7730FE2E2130D300F99A54 /* AppDelegate.swift in Sources */ = {isa = PBXBuildFile; fileRef = BC7730FD2E2130D300F99A54 /* AppDelegate.swift */; };
		BC7731002E2130D300F99A54 /* SceneDelegate.swift in Sources */ = {isa = PBXBuildFile; fileRef = BC7730FF2E2130D300F99A54 /* SceneDelegate.swift */; };
		BC7731022E2130D300F99A54 /* CategoriesViewController.swift in Sources */ = {isa = PBXBuildFile; fileRef = BC7731012E2130D300F99A54 /* CategoriesViewController.swift */; };
		BC7731072E2130D500F99A54 /* Assets.xcassets in Resources */ = {isa = PBXBuildFile; fileRef = BC7731062E2130D500F99A54 /* Assets.xcassets */; };
		BC77310A2E2130D500F99A54 /* LaunchScreen.storyboard in Resources */ = {isa = PBXBuildFile; fileRef = BC7731082E2130D500F99A54 /* LaunchScreen.storyboard */; };
		BC7731142E21323400F99A54 /* NetworkError.swift in Sources */ = {isa = PBXBuildFile; fileRef = BC7731132E21323400F99A54 /* NetworkError.swift */; };
		BC7731162E21323E00F99A54 /* FilmService.swift in Sources */ = {isa = PBXBuildFile; fileRef = BC7731152E21323E00F99A54 /* FilmService.swift */; };
		BC77311A2E21325600F99A54 /* Film.swift in Sources */ = {isa = PBXBuildFile; fileRef = BC7731192E21325600F99A54 /* Film.swift */; };
		BC77311C2E217ADE00F99A54 /* FilmsViewController.swift in Sources */ = {isa = PBXBuildFile; fileRef = BC77311B2E217ADE00F99A54 /* FilmsViewController.swift */; };
		BC77311E2E217AFC00F99A54 /* CategoryCell.swift in Sources */ = {isa = PBXBuildFile; fileRef = BC77311D2E217AFC00F99A54 /* CategoryCell.swift */; };
		BC7731202E217BAD00F99A54 /* Category.swift in Sources */ = {isa = PBXBuildFile; fileRef = BC77311F2E217BAD00F99A54 /* Category.swift */; };
		BC7731262E21809200F99A54 /* Coordinator.swift in Sources */ = {isa = PBXBuildFile; fileRef = BC7731252E21809200F99A54 /* Coordinator.swift */; };
		BC77312A2E21816C00F99A54 /* FilmsCoordinator.swift in Sources */ = {isa = PBXBuildFile; fileRef = BC7731292E21816C00F99A54 /* FilmsCoordinator.swift */; };
		BC77312C2E2181FD00F99A54 /* CategoriesViewModel.swift in Sources */ = {isa = PBXBuildFile; fileRef = BC77312B2E2181FD00F99A54 /* CategoriesViewModel.swift */; };
		BC77313E2E2187E900F99A54 /* MockNetworkSession.swift in Sources */ = {isa = PBXBuildFile; fileRef = BC77313D2E2187E900F99A54 /* MockNetworkSession.swift */; };
		BC7731442E22C27A00F99A54 /* FilmsViewModel.swift in Sources */ = {isa = PBXBuildFile; fileRef = BC7731432E22C27A00F99A54 /* FilmsViewModel.swift */; };
		BC7731462E22C54C00F99A54 /* FilmCell.swift in Sources */ = {isa = PBXBuildFile; fileRef = BC7731452E22C54C00F99A54 /* FilmCell.swift */; };
		BC7731482E22DC7B00F99A54 /* FilmDetailViewController.swift in Sources */ = {isa = PBXBuildFile; fileRef = BC7731472E22DC7B00F99A54 /* FilmDetailViewController.swift */; };
		BC77314A2E22DC9700F99A54 /* FilmDetailViewModel.swift in Sources */ = {isa = PBXBuildFile; fileRef = BC7731492E22DC9700F99A54 /* FilmDetailViewModel.swift */; };
		BC77314E2E23DD3600F99A54 /* CharacterService.swift in Sources */ = {isa = PBXBuildFile; fileRef = BC77314D2E23DD3600F99A54 /* CharacterService.swift */; };
		BC7731502E23DD9300F99A54 /* Character.swift in Sources */ = {isa = PBXBuildFile; fileRef = BC77314F2E23DD9300F99A54 /* Character.swift */; };
		BC7731522E23DEBF00F99A54 /* NetworkSession.swift in Sources */ = {isa = PBXBuildFile; fileRef = BC7731512E23DEBF00F99A54 /* NetworkSession.swift */; };
		BC7731542E23E01600F99A54 /* CharactersCoordinator.swift in Sources */ = {isa = PBXBuildFile; fileRef = BC7731532E23E01600F99A54 /* CharactersCoordinator.swift */; };
		BC7731562E23E0A700F99A54 /* CharacterViewModel.swift in Sources */ = {isa = PBXBuildFile; fileRef = BC7731552E23E0A700F99A54 /* CharacterViewModel.swift */; };
		BC7731582E23E14F00F99A54 /* CharactersViewController.swift in Sources */ = {isa = PBXBuildFile; fileRef = BC7731572E23E14F00F99A54 /* CharactersViewController.swift */; };
		BC77315A2E23E17400F99A54 /* CharacterCell.swift in Sources */ = {isa = PBXBuildFile; fileRef = BC7731592E23E17400F99A54 /* CharacterCell.swift */; };
		BC77315C2E23E6F300F99A54 /* CategoriesCoordinator.swift in Sources */ = {isa = PBXBuildFile; fileRef = BC77315B2E23E6F300F99A54 /* CategoriesCoordinator.swift */; };
		BC77315E2E23EA3F00F99A54 /* CoordinatorImpl.swift in Sources */ = {isa = PBXBuildFile; fileRef = BC77315D2E23EA3F00F99A54 /* CoordinatorImpl.swift */; };
		BC7731622E23FFAF00F99A54 /* CategoryService.swift in Sources */ = {isa = PBXBuildFile; fileRef = BC7731612E23FFAF00F99A54 /* CategoryService.swift */; };
		BC7731702E2527C400F99A54 /* CharacterDetailViewModel.swift in Sources */ = {isa = PBXBuildFile; fileRef = BC77316F2E2527C400F99A54 /* CharacterDetailViewModel.swift */; };
		BC7731722E25284D00F99A54 /* CharacterDetailViewController.swift in Sources */ = {isa = PBXBuildFile; fileRef = BC7731712E25284D00F99A54 /* CharacterDetailViewController.swift */; };
/* End PBXBuildFile section */

/* Begin PBXContainerItemProxy section */
		BC7731382E21870E00F99A54 /* PBXContainerItemProxy */ = {
			isa = PBXContainerItemProxy;
			containerPortal = BC7730F22E2130D300F99A54 /* Project object */;
			proxyType = 1;
			remoteGlobalIDString = BC7730F92E2130D300F99A54;
			remoteInfo = StarWars;
		};
/* End PBXContainerItemProxy section */

/* Begin PBXFileReference section */
		BC189CC42E26BC3300DBC565 /* CategoryServiceTests.swift */ = {isa = PBXFileReference; lastKnownFileType = sourcecode.swift; path = CategoryServiceTests.swift; sourceTree = "<group>"; };
		BC189CC72E26BF2000DBC565 /* FilmServiceTests.swift */ = {isa = PBXFileReference; lastKnownFileType = sourcecode.swift; path = FilmServiceTests.swift; sourceTree = "<group>"; };
		BC189CC92E26BF7C00DBC565 /* NetworkFetchingService.swift */ = {isa = PBXFileReference; lastKnownFileType = sourcecode.swift; path = NetworkFetchingService.swift; sourceTree = "<group>"; };
		BC189CCB2E26C14F00DBC565 /* CharacterServiceTests.swift */ = {isa = PBXFileReference; lastKnownFileType = sourcecode.swift; path = CharacterServiceTests.swift; sourceTree = "<group>"; };
		BC189CCD2E26C24300DBC565 /* MockJSON.swift */ = {isa = PBXFileReference; lastKnownFileType = sourcecode.swift; path = MockJSON.swift; sourceTree = "<group>"; };
		BC189CD32E26D01700DBC565 /* NetworkFetchingServiceTests.swift */ = {isa = PBXFileReference; lastKnownFileType = sourcecode.swift; path = NetworkFetchingServiceTests.swift; sourceTree = "<group>"; };
		BC189CD82E26D16B00DBC565 /* NetworkFetchingHelper.swift */ = {isa = PBXFileReference; lastKnownFileType = sourcecode.swift; path = NetworkFetchingHelper.swift; sourceTree = "<group>"; };
		BC189CDC2E26D73C00DBC565 /* MockCategoryService.swift */ = {isa = PBXFileReference; lastKnownFileType = sourcecode.swift; path = MockCategoryService.swift; sourceTree = "<group>"; };
		BC189CDE2E26D76500DBC565 /* CategoriesViewModelTests.swift */ = {isa = PBXFileReference; lastKnownFileType = sourcecode.swift; path = CategoriesViewModelTests.swift; sourceTree = "<group>"; };
		BC189CE02E26E55800DBC565 /* FilmsViewModelTests.swift */ = {isa = PBXFileReference; lastKnownFileType = sourcecode.swift; path = FilmsViewModelTests.swift; sourceTree = "<group>"; };
		BC189CE22E26E5CC00DBC565 /* MockFilmService.swift */ = {isa = PBXFileReference; lastKnownFileType = sourcecode.swift; path = MockFilmService.swift; sourceTree = "<group>"; };
		BC189CE42E26E9C700DBC565 /* CharacterViewModelTests.swift */ = {isa = PBXFileReference; lastKnownFileType = sourcecode.swift; path = CharacterViewModelTests.swift; sourceTree = "<group>"; };
		BC189CE62E26EA2200DBC565 /* MockCharacterService.swift */ = {isa = PBXFileReference; lastKnownFileType = sourcecode.swift; path = MockCharacterService.swift; sourceTree = "<group>"; };
		BC189CE82E27909A00DBC565 /* PlaceholderCharacterCell.swift */ = {isa = PBXFileReference; lastKnownFileType = sourcecode.swift; path = PlaceholderCharacterCell.swift; sourceTree = "<group>"; };
		BC7730FA2E2130D300F99A54 /* StarWars.app */ = {isa = PBXFileReference; explicitFileType = wrapper.application; includeInIndex = 0; path = StarWars.app; sourceTree = BUILT_PRODUCTS_DIR; };
		BC7730FD2E2130D300F99A54 /* AppDelegate.swift */ = {isa = PBXFileReference; lastKnownFileType = sourcecode.swift; path = AppDelegate.swift; sourceTree = "<group>"; };
		BC7730FF2E2130D300F99A54 /* SceneDelegate.swift */ = {isa = PBXFileReference; lastKnownFileType = sourcecode.swift; path = SceneDelegate.swift; sourceTree = "<group>"; };
		BC7731012E2130D300F99A54 /* CategoriesViewController.swift */ = {isa = PBXFileReference; lastKnownFileType = sourcecode.swift; path = CategoriesViewController.swift; sourceTree = "<group>"; };
		BC7731062E2130D500F99A54 /* Assets.xcassets */ = {isa = PBXFileReference; lastKnownFileType = folder.assetcatalog; path = Assets.xcassets; sourceTree = "<group>"; };
		BC7731092E2130D500F99A54 /* Base */ = {isa = PBXFileReference; lastKnownFileType = file.storyboard; name = Base; path = Base.lproj/LaunchScreen.storyboard; sourceTree = "<group>"; };
		BC77310B2E2130D500F99A54 /* Info.plist */ = {isa = PBXFileReference; lastKnownFileType = text.plist.xml; path = Info.plist; sourceTree = "<group>"; };
		BC7731132E21323400F99A54 /* NetworkError.swift */ = {isa = PBXFileReference; lastKnownFileType = sourcecode.swift; path = NetworkError.swift; sourceTree = "<group>"; };
		BC7731152E21323E00F99A54 /* FilmService.swift */ = {isa = PBXFileReference; lastKnownFileType = sourcecode.swift; path = FilmService.swift; sourceTree = "<group>"; };
		BC7731192E21325600F99A54 /* Film.swift */ = {isa = PBXFileReference; lastKnownFileType = sourcecode.swift; path = Film.swift; sourceTree = "<group>"; };
		BC77311B2E217ADE00F99A54 /* FilmsViewController.swift */ = {isa = PBXFileReference; lastKnownFileType = sourcecode.swift; path = FilmsViewController.swift; sourceTree = "<group>"; };
		BC77311D2E217AFC00F99A54 /* CategoryCell.swift */ = {isa = PBXFileReference; lastKnownFileType = sourcecode.swift; path = CategoryCell.swift; sourceTree = "<group>"; };
		BC77311F2E217BAD00F99A54 /* Category.swift */ = {isa = PBXFileReference; lastKnownFileType = sourcecode.swift; path = Category.swift; sourceTree = "<group>"; };
		BC7731252E21809200F99A54 /* Coordinator.swift */ = {isa = PBXFileReference; lastKnownFileType = sourcecode.swift; path = Coordinator.swift; sourceTree = "<group>"; };
		BC7731292E21816C00F99A54 /* FilmsCoordinator.swift */ = {isa = PBXFileReference; lastKnownFileType = sourcecode.swift; path = FilmsCoordinator.swift; sourceTree = "<group>"; };
		BC77312B2E2181FD00F99A54 /* CategoriesViewModel.swift */ = {isa = PBXFileReference; lastKnownFileType = sourcecode.swift; path = CategoriesViewModel.swift; sourceTree = "<group>"; };
		BC7731342E21870E00F99A54 /* StarWarsTests.xctest */ = {isa = PBXFileReference; explicitFileType = wrapper.cfbundle; includeInIndex = 0; path = StarWarsTests.xctest; sourceTree = BUILT_PRODUCTS_DIR; };
		BC77313D2E2187E900F99A54 /* MockNetworkSession.swift */ = {isa = PBXFileReference; lastKnownFileType = sourcecode.swift; path = MockNetworkSession.swift; sourceTree = "<group>"; };
		BC7731432E22C27A00F99A54 /* FilmsViewModel.swift */ = {isa = PBXFileReference; lastKnownFileType = sourcecode.swift; path = FilmsViewModel.swift; sourceTree = "<group>"; };
		BC7731452E22C54C00F99A54 /* FilmCell.swift */ = {isa = PBXFileReference; lastKnownFileType = sourcecode.swift; path = FilmCell.swift; sourceTree = "<group>"; };
		BC7731472E22DC7B00F99A54 /* FilmDetailViewController.swift */ = {isa = PBXFileReference; lastKnownFileType = sourcecode.swift; path = FilmDetailViewController.swift; sourceTree = "<group>"; };
		BC7731492E22DC9700F99A54 /* FilmDetailViewModel.swift */ = {isa = PBXFileReference; lastKnownFileType = sourcecode.swift; path = FilmDetailViewModel.swift; sourceTree = "<group>"; };
		BC77314D2E23DD3600F99A54 /* CharacterService.swift */ = {isa = PBXFileReference; lastKnownFileType = sourcecode.swift; path = CharacterService.swift; sourceTree = "<group>"; };
		BC77314F2E23DD9300F99A54 /* Character.swift */ = {isa = PBXFileReference; lastKnownFileType = sourcecode.swift; path = Character.swift; sourceTree = "<group>"; };
		BC7731512E23DEBF00F99A54 /* NetworkSession.swift */ = {isa = PBXFileReference; lastKnownFileType = sourcecode.swift; path = NetworkSession.swift; sourceTree = "<group>"; };
		BC7731532E23E01600F99A54 /* CharactersCoordinator.swift */ = {isa = PBXFileReference; lastKnownFileType = sourcecode.swift; path = CharactersCoordinator.swift; sourceTree = "<group>"; };
		BC7731552E23E0A700F99A54 /* CharacterViewModel.swift */ = {isa = PBXFileReference; lastKnownFileType = sourcecode.swift; path = CharacterViewModel.swift; sourceTree = "<group>"; };
		BC7731572E23E14F00F99A54 /* CharactersViewController.swift */ = {isa = PBXFileReference; lastKnownFileType = sourcecode.swift; path = CharactersViewController.swift; sourceTree = "<group>"; };
		BC7731592E23E17400F99A54 /* CharacterCell.swift */ = {isa = PBXFileReference; lastKnownFileType = sourcecode.swift; path = CharacterCell.swift; sourceTree = "<group>"; };
		BC77315B2E23E6F300F99A54 /* CategoriesCoordinator.swift */ = {isa = PBXFileReference; lastKnownFileType = sourcecode.swift; path = CategoriesCoordinator.swift; sourceTree = "<group>"; };
		BC77315D2E23EA3F00F99A54 /* CoordinatorImpl.swift */ = {isa = PBXFileReference; lastKnownFileType = sourcecode.swift; path = CoordinatorImpl.swift; sourceTree = "<group>"; };
		BC7731612E23FFAF00F99A54 /* CategoryService.swift */ = {isa = PBXFileReference; lastKnownFileType = sourcecode.swift; path = CategoryService.swift; sourceTree = "<group>"; };
		BC77316F2E2527C400F99A54 /* CharacterDetailViewModel.swift */ = {isa = PBXFileReference; lastKnownFileType = sourcecode.swift; path = CharacterDetailViewModel.swift; sourceTree = "<group>"; };
		BC7731712E25284D00F99A54 /* CharacterDetailViewController.swift */ = {isa = PBXFileReference; lastKnownFileType = sourcecode.swift; path = CharacterDetailViewController.swift; sourceTree = "<group>"; };
/* End PBXFileReference section */

/* Begin PBXFrameworksBuildPhase section */
		BC7730F72E2130D300F99A54 /* Frameworks */ = {
			isa = PBXFrameworksBuildPhase;
			buildActionMask = 2147483647;
			files = (
			);
			runOnlyForDeploymentPostprocessing = 0;
		};
		BC7731312E21870E00F99A54 /* Frameworks */ = {
			isa = PBXFrameworksBuildPhase;
			buildActionMask = 2147483647;
			files = (
			);
			runOnlyForDeploymentPostprocessing = 0;
		};
/* End PBXFrameworksBuildPhase section */

/* Begin PBXGroup section */
		BC189CCF2E26C9DA00DBC565 /* Helpers */ = {
			isa = PBXGroup;
			children = (
				BC77313D2E2187E900F99A54 /* MockNetworkSession.swift */,
				BC189CD82E26D16B00DBC565 /* NetworkFetchingHelper.swift */,
				BC189CCD2E26C24300DBC565 /* MockJSON.swift */,
			);
			path = Helpers;
			sourceTree = "<group>";
		};
		BC189CD22E26C9F900DBC565 /* ServiceTests */ = {
			isa = PBXGroup;
			children = (
				BC189CC42E26BC3300DBC565 /* CategoryServiceTests.swift */,
				BC189CC72E26BF2000DBC565 /* FilmServiceTests.swift */,
				BC189CCB2E26C14F00DBC565 /* CharacterServiceTests.swift */,
				BC189CD32E26D01700DBC565 /* NetworkFetchingServiceTests.swift */,
				BC189CCF2E26C9DA00DBC565 /* Helpers */,
			);
			path = ServiceTests;
			sourceTree = "<group>";
		};
		BC189CDA2E26D6A500DBC565 /* ViewModelTests */ = {
			isa = PBXGroup;
			children = (
				BC189CDE2E26D76500DBC565 /* CategoriesViewModelTests.swift */,
				BC189CE02E26E55800DBC565 /* FilmsViewModelTests.swift */,
				BC189CE42E26E9C700DBC565 /* CharacterViewModelTests.swift */,
				BC189CDB2E26D72D00DBC565 /* Helpers */,
			);
			path = ViewModelTests;
			sourceTree = "<group>";
		};
		BC189CDB2E26D72D00DBC565 /* Helpers */ = {
			isa = PBXGroup;
			children = (
				BC189CDC2E26D73C00DBC565 /* MockCategoryService.swift */,
				BC189CE22E26E5CC00DBC565 /* MockFilmService.swift */,
				BC189CE62E26EA2200DBC565 /* MockCharacterService.swift */,
			);
			path = Helpers;
			sourceTree = "<group>";
		};
		BC7730F12E2130D300F99A54 = {
			isa = PBXGroup;
			children = (
				BC7730FC2E2130D300F99A54 /* StarWars */,
				BC7731352E21870E00F99A54 /* StarWarsTests */,
				BC7730FB2E2130D300F99A54 /* Products */,
			);
			sourceTree = "<group>";
		};
		BC7730FB2E2130D300F99A54 /* Products */ = {
			isa = PBXGroup;
			children = (
				BC7730FA2E2130D300F99A54 /* StarWars.app */,
				BC7731342E21870E00F99A54 /* StarWarsTests.xctest */,
			);
			name = Products;
			sourceTree = "<group>";
		};
		BC7730FC2E2130D300F99A54 /* StarWars */ = {
			isa = PBXGroup;
			children = (
				BC77316C2E2521F400F99A54 /* Cells */,
				BC7731692E2521D300F99A54 /* ViewControllers */,
				BC7731682E2521BF00F99A54 /* ViewModels */,
				BC7731242E21806F00F99A54 /* Coordinators */,
				BC7731122E21322700F99A54 /* Services */,
				BC7731672E2521B900F99A54 /* Models */,
				BC77316E2E25237200F99A54 /* SupportingFiles */,
				BC77310B2E2130D500F99A54 /* Info.plist */,
			);
			path = StarWars;
			sourceTree = "<group>";
		};
		BC7731122E21322700F99A54 /* Services */ = {
			isa = PBXGroup;
			children = (
				BC7731132E21323400F99A54 /* NetworkError.swift */,
				BC7731512E23DEBF00F99A54 /* NetworkSession.swift */,
				BC189CC92E26BF7C00DBC565 /* NetworkFetchingService.swift */,
				BC7731612E23FFAF00F99A54 /* CategoryService.swift */,
				BC7731152E21323E00F99A54 /* FilmService.swift */,
				BC77314D2E23DD3600F99A54 /* CharacterService.swift */,
			);
			path = Services;
			sourceTree = "<group>";
		};
		BC7731242E21806F00F99A54 /* Coordinators */ = {
			isa = PBXGroup;
			children = (
				BC7731252E21809200F99A54 /* Coordinator.swift */,
				BC77315D2E23EA3F00F99A54 /* CoordinatorImpl.swift */,
				BC77315B2E23E6F300F99A54 /* CategoriesCoordinator.swift */,
				BC7731292E21816C00F99A54 /* FilmsCoordinator.swift */,
				BC7731532E23E01600F99A54 /* CharactersCoordinator.swift */,
			);
			path = Coordinators;
			sourceTree = "<group>";
		};
		BC7731352E21870E00F99A54 /* StarWarsTests */ = {
			isa = PBXGroup;
			children = (
				BC189CDA2E26D6A500DBC565 /* ViewModelTests */,
				BC189CD22E26C9F900DBC565 /* ServiceTests */,
			);
			path = StarWarsTests;
			sourceTree = "<group>";
		};
		BC7731672E2521B900F99A54 /* Models */ = {
			isa = PBXGroup;
			children = (
				BC77311F2E217BAD00F99A54 /* Category.swift */,
				BC7731192E21325600F99A54 /* Film.swift */,
				BC77314F2E23DD9300F99A54 /* Character.swift */,
			);
			path = Models;
			sourceTree = "<group>";
		};
		BC7731682E2521BF00F99A54 /* ViewModels */ = {
			isa = PBXGroup;
			children = (
				BC77312B2E2181FD00F99A54 /* CategoriesViewModel.swift */,
				BC7731432E22C27A00F99A54 /* FilmsViewModel.swift */,
				BC7731492E22DC9700F99A54 /* FilmDetailViewModel.swift */,
				BC7731552E23E0A700F99A54 /* CharacterViewModel.swift */,
				BC77316F2E2527C400F99A54 /* CharacterDetailViewModel.swift */,
			);
			path = ViewModels;
			sourceTree = "<group>";
		};
		BC7731692E2521D300F99A54 /* ViewControllers */ = {
			isa = PBXGroup;
			children = (
				BC7731012E2130D300F99A54 /* CategoriesViewController.swift */,
				BC77311B2E217ADE00F99A54 /* FilmsViewController.swift */,
				BC7731472E22DC7B00F99A54 /* FilmDetailViewController.swift */,
				BC7731572E23E14F00F99A54 /* CharactersViewController.swift */,
				BC7731712E25284D00F99A54 /* CharacterDetailViewController.swift */,
			);
			path = ViewControllers;
			sourceTree = "<group>";
		};
		BC77316C2E2521F400F99A54 /* Cells */ = {
			isa = PBXGroup;
			children = (
				BC77311D2E217AFC00F99A54 /* CategoryCell.swift */,
				BC7731452E22C54C00F99A54 /* FilmCell.swift */,
				BC7731592E23E17400F99A54 /* CharacterCell.swift */,
				BC189CE82E27909A00DBC565 /* PlaceholderCharacterCell.swift */,
			);
			path = Cells;
			sourceTree = "<group>";
		};
		BC77316E2E25237200F99A54 /* SupportingFiles */ = {
			isa = PBXGroup;
			children = (
				BC7730FD2E2130D300F99A54 /* AppDelegate.swift */,
				BC7730FF2E2130D300F99A54 /* SceneDelegate.swift */,
				BC7731062E2130D500F99A54 /* Assets.xcassets */,
				BC7731082E2130D500F99A54 /* LaunchScreen.storyboard */,
			);
			path = SupportingFiles;
			sourceTree = "<group>";
		};
/* End PBXGroup section */

/* Begin PBXNativeTarget section */
		BC7730F92E2130D300F99A54 /* StarWars */ = {
			isa = PBXNativeTarget;
			buildConfigurationList = BC77310E2E2130D500F99A54 /* Build configuration list for PBXNativeTarget "StarWars" */;
			buildPhases = (
				BC7730F62E2130D300F99A54 /* Sources */,
				BC7730F72E2130D300F99A54 /* Frameworks */,
				BC7730F82E2130D300F99A54 /* Resources */,
			);
			buildRules = (
			);
			dependencies = (
			);
			name = StarWars;
			productName = StarWars;
			productReference = BC7730FA2E2130D300F99A54 /* StarWars.app */;
			productType = "com.apple.product-type.application";
		};
		BC7731332E21870E00F99A54 /* StarWarsTests */ = {
			isa = PBXNativeTarget;
			buildConfigurationList = BC77313A2E21870E00F99A54 /* Build configuration list for PBXNativeTarget "StarWarsTests" */;
			buildPhases = (
				BC7731302E21870E00F99A54 /* Sources */,
				BC7731312E21870E00F99A54 /* Frameworks */,
				BC7731322E21870E00F99A54 /* Resources */,
			);
			buildRules = (
			);
			dependencies = (
				BC7731392E21870E00F99A54 /* PBXTargetDependency */,
			);
			name = StarWarsTests;
			productName = StarWarsTests;
			productReference = BC7731342E21870E00F99A54 /* StarWarsTests.xctest */;
			productType = "com.apple.product-type.bundle.unit-test";
		};
/* End PBXNativeTarget section */

/* Begin PBXProject section */
		BC7730F22E2130D300F99A54 /* Project object */ = {
			isa = PBXProject;
			attributes = {
				BuildIndependentTargetsInParallel = 1;
				LastSwiftUpdateCheck = 1420;
				LastUpgradeCheck = 1420;
				TargetAttributes = {
					BC7730F92E2130D300F99A54 = {
						CreatedOnToolsVersion = 14.2;
					};
					BC7731332E21870E00F99A54 = {
						CreatedOnToolsVersion = 14.2;
						TestTargetID = BC7730F92E2130D300F99A54;
					};
				};
			};
			buildConfigurationList = BC7730F52E2130D300F99A54 /* Build configuration list for PBXProject "StarWars" */;
			compatibilityVersion = "Xcode 14.0";
			developmentRegion = en;
			hasScannedForEncodings = 0;
			knownRegions = (
				en,
				Base,
			);
			mainGroup = BC7730F12E2130D300F99A54;
			productRefGroup = BC7730FB2E2130D300F99A54 /* Products */;
			projectDirPath = "";
			projectRoot = "";
			targets = (
				BC7730F92E2130D300F99A54 /* StarWars */,
				BC7731332E21870E00F99A54 /* StarWarsTests */,
			);
		};
/* End PBXProject section */

/* Begin PBXResourcesBuildPhase section */
		BC7730F82E2130D300F99A54 /* Resources */ = {
			isa = PBXResourcesBuildPhase;
			buildActionMask = 2147483647;
			files = (
				BC77310A2E2130D500F99A54 /* LaunchScreen.storyboard in Resources */,
				BC7731072E2130D500F99A54 /* Assets.xcassets in Resources */,
			);
			runOnlyForDeploymentPostprocessing = 0;
		};
		BC7731322E21870E00F99A54 /* Resources */ = {
			isa = PBXResourcesBuildPhase;
			buildActionMask = 2147483647;
			files = (
			);
			runOnlyForDeploymentPostprocessing = 0;
		};
/* End PBXResourcesBuildPhase section */

/* Begin PBXSourcesBuildPhase section */
		BC7730F62E2130D300F99A54 /* Sources */ = {
			isa = PBXSourcesBuildPhase;
			buildActionMask = 2147483647;
			files = (
				BC7731582E23E14F00F99A54 /* CharactersViewController.swift in Sources */,
				BC7731522E23DEBF00F99A54 /* NetworkSession.swift in Sources */,
				BC7731722E25284D00F99A54 /* CharacterDetailViewController.swift in Sources */,
				BC7731562E23E0A700F99A54 /* CharacterViewModel.swift in Sources */,
				BC7731622E23FFAF00F99A54 /* CategoryService.swift in Sources */,
				BC7731442E22C27A00F99A54 /* FilmsViewModel.swift in Sources */,
				BC7731462E22C54C00F99A54 /* FilmCell.swift in Sources */,
				BC7731482E22DC7B00F99A54 /* FilmDetailViewController.swift in Sources */,
				BC7731162E21323E00F99A54 /* FilmService.swift in Sources */,
				BC77314E2E23DD3600F99A54 /* CharacterService.swift in Sources */,
				BC77311E2E217AFC00F99A54 /* CategoryCell.swift in Sources */,
				BC189CE92E27909A00DBC565 /* PlaceholderCharacterCell.swift in Sources */,
				BC7731022E2130D300F99A54 /* CategoriesViewController.swift in Sources */,
				BC7731202E217BAD00F99A54 /* Category.swift in Sources */,
				BC7731142E21323400F99A54 /* NetworkError.swift in Sources */,
				BC77315A2E23E17400F99A54 /* CharacterCell.swift in Sources */,
				BC77311A2E21325600F99A54 /* Film.swift in Sources */,
				BC77312C2E2181FD00F99A54 /* CategoriesViewModel.swift in Sources */,
				BC7731262E21809200F99A54 /* Coordinator.swift in Sources */,
				BC7731502E23DD9300F99A54 /* Character.swift in Sources */,
				BC77315C2E23E6F300F99A54 /* CategoriesCoordinator.swift in Sources */,
				BC77315E2E23EA3F00F99A54 /* CoordinatorImpl.swift in Sources */,
				BC7731702E2527C400F99A54 /* CharacterDetailViewModel.swift in Sources */,
				BC77312A2E21816C00F99A54 /* FilmsCoordinator.swift in Sources */,
				BC7730FE2E2130D300F99A54 /* AppDelegate.swift in Sources */,
				BC77311C2E217ADE00F99A54 /* FilmsViewController.swift in Sources */,
				BC7731002E2130D300F99A54 /* SceneDelegate.swift in Sources */,
				BC189CCA2E26BF7C00DBC565 /* NetworkFetchingService.swift in Sources */,
				BC77314A2E22DC9700F99A54 /* FilmDetailViewModel.swift in Sources */,
				BC7731542E23E01600F99A54 /* CharactersCoordinator.swift in Sources */,
			);
			runOnlyForDeploymentPostprocessing = 0;
		};
		BC7731302E21870E00F99A54 /* Sources */ = {
			isa = PBXSourcesBuildPhase;
			buildActionMask = 2147483647;
			files = (
				BC189CE52E26E9C700DBC565 /* CharacterViewModelTests.swift in Sources */,
				BC189CD92E26D16B00DBC565 /* NetworkFetchingHelper.swift in Sources */,
				BC189CC52E26BC3300DBC565 /* CategoryServiceTests.swift in Sources */,
				BC189CD42E26D01700DBC565 /* NetworkFetchingServiceTests.swift in Sources */,
				BC189CDF2E26D76500DBC565 /* CategoriesViewModelTests.swift in Sources */,
				BC189CE12E26E55800DBC565 /* FilmsViewModelTests.swift in Sources */,
				BC189CC82E26BF2000DBC565 /* FilmServiceTests.swift in Sources */,
				BC189CE72E26EA2200DBC565 /* MockCharacterService.swift in Sources */,
				BC189CCE2E26C24300DBC565 /* MockJSON.swift in Sources */,
				BC189CDD2E26D73C00DBC565 /* MockCategoryService.swift in Sources */,
				BC77313E2E2187E900F99A54 /* MockNetworkSession.swift in Sources */,
				BC189CCC2E26C14F00DBC565 /* CharacterServiceTests.swift in Sources */,
				BC189CE32E26E5CC00DBC565 /* MockFilmService.swift in Sources */,
			);
			runOnlyForDeploymentPostprocessing = 0;
		};
/* End PBXSourcesBuildPhase section */

/* Begin PBXTargetDependency section */
		BC7731392E21870E00F99A54 /* PBXTargetDependency */ = {
			isa = PBXTargetDependency;
			target = BC7730F92E2130D300F99A54 /* StarWars */;
			targetProxy = BC7731382E21870E00F99A54 /* PBXContainerItemProxy */;
		};
/* End PBXTargetDependency section */

/* Begin PBXVariantGroup section */
		BC7731082E2130D500F99A54 /* LaunchScreen.storyboard */ = {
			isa = PBXVariantGroup;
			children = (
				BC7731092E2130D500F99A54 /* Base */,
			);
			name = LaunchScreen.storyboard;
			sourceTree = "<group>";
		};
/* End PBXVariantGroup section */

/* Begin XCBuildConfiguration section */
		BC77310C2E2130D500F99A54 /* Debug */ = {
			isa = XCBuildConfiguration;
			buildSettings = {
				ALWAYS_SEARCH_USER_PATHS = NO;
				CLANG_ANALYZER_NONNULL = YES;
				CLANG_ANALYZER_NUMBER_OBJECT_CONVERSION = YES_AGGRESSIVE;
				CLANG_CXX_LANGUAGE_STANDARD = "gnu++20";
				CLANG_ENABLE_MODULES = YES;
				CLANG_ENABLE_OBJC_ARC = YES;
				CLANG_ENABLE_OBJC_WEAK = YES;
				CLANG_WARN_BLOCK_CAPTURE_AUTORELEASING = YES;
				CLANG_WARN_BOOL_CONVERSION = YES;
				CLANG_WARN_COMMA = YES;
				CLANG_WARN_CONSTANT_CONVERSION = YES;
				CLANG_WARN_DEPRECATED_OBJC_IMPLEMENTATIONS = YES;
				CLANG_WARN_DIRECT_OBJC_ISA_USAGE = YES_ERROR;
				CLANG_WARN_DOCUMENTATION_COMMENTS = YES;
				CLANG_WARN_EMPTY_BODY = YES;
				CLANG_WARN_ENUM_CONVERSION = YES;
				CLANG_WARN_INFINITE_RECURSION = YES;
				CLANG_WARN_INT_CONVERSION = YES;
				CLANG_WARN_NON_LITERAL_NULL_CONVERSION = YES;
				CLANG_WARN_OBJC_IMPLICIT_RETAIN_SELF = YES;
				CLANG_WARN_OBJC_LITERAL_CONVERSION = YES;
				CLANG_WARN_OBJC_ROOT_CLASS = YES_ERROR;
				CLANG_WARN_QUOTED_INCLUDE_IN_FRAMEWORK_HEADER = YES;
				CLANG_WARN_RANGE_LOOP_ANALYSIS = YES;
				CLANG_WARN_STRICT_PROTOTYPES = YES;
				CLANG_WARN_SUSPICIOUS_MOVE = YES;
				CLANG_WARN_UNGUARDED_AVAILABILITY = YES_AGGRESSIVE;
				CLANG_WARN_UNREACHABLE_CODE = YES;
				CLANG_WARN__DUPLICATE_METHOD_MATCH = YES;
				COPY_PHASE_STRIP = NO;
				DEBUG_INFORMATION_FORMAT = dwarf;
				ENABLE_STRICT_OBJC_MSGSEND = YES;
				ENABLE_TESTABILITY = YES;
				GCC_C_LANGUAGE_STANDARD = gnu11;
				GCC_DYNAMIC_NO_PIC = NO;
				GCC_NO_COMMON_BLOCKS = YES;
				GCC_OPTIMIZATION_LEVEL = 0;
				GCC_PREPROCESSOR_DEFINITIONS = (
					"DEBUG=1",
					"$(inherited)",
				);
				GCC_WARN_64_TO_32_BIT_CONVERSION = YES;
				GCC_WARN_ABOUT_RETURN_TYPE = YES_ERROR;
				GCC_WARN_UNDECLARED_SELECTOR = YES;
				GCC_WARN_UNINITIALIZED_AUTOS = YES_AGGRESSIVE;
				GCC_WARN_UNUSED_FUNCTION = YES;
				GCC_WARN_UNUSED_VARIABLE = YES;
				IPHONEOS_DEPLOYMENT_TARGET = 16.2;
				MTL_ENABLE_DEBUG_INFO = INCLUDE_SOURCE;
				MTL_FAST_MATH = YES;
				ONLY_ACTIVE_ARCH = YES;
				SDKROOT = iphoneos;
				SWIFT_ACTIVE_COMPILATION_CONDITIONS = DEBUG;
				SWIFT_OPTIMIZATION_LEVEL = "-Onone";
			};
			name = Debug;
		};
		BC77310D2E2130D500F99A54 /* Release */ = {
			isa = XCBuildConfiguration;
			buildSettings = {
				ALWAYS_SEARCH_USER_PATHS = NO;
				CLANG_ANALYZER_NONNULL = YES;
				CLANG_ANALYZER_NUMBER_OBJECT_CONVERSION = YES_AGGRESSIVE;
				CLANG_CXX_LANGUAGE_STANDARD = "gnu++20";
				CLANG_ENABLE_MODULES = YES;
				CLANG_ENABLE_OBJC_ARC = YES;
				CLANG_ENABLE_OBJC_WEAK = YES;
				CLANG_WARN_BLOCK_CAPTURE_AUTORELEASING = YES;
				CLANG_WARN_BOOL_CONVERSION = YES;
				CLANG_WARN_COMMA = YES;
				CLANG_WARN_CONSTANT_CONVERSION = YES;
				CLANG_WARN_DEPRECATED_OBJC_IMPLEMENTATIONS = YES;
				CLANG_WARN_DIRECT_OBJC_ISA_USAGE = YES_ERROR;
				CLANG_WARN_DOCUMENTATION_COMMENTS = YES;
				CLANG_WARN_EMPTY_BODY = YES;
				CLANG_WARN_ENUM_CONVERSION = YES;
				CLANG_WARN_INFINITE_RECURSION = YES;
				CLANG_WARN_INT_CONVERSION = YES;
				CLANG_WARN_NON_LITERAL_NULL_CONVERSION = YES;
				CLANG_WARN_OBJC_IMPLICIT_RETAIN_SELF = YES;
				CLANG_WARN_OBJC_LITERAL_CONVERSION = YES;
				CLANG_WARN_OBJC_ROOT_CLASS = YES_ERROR;
				CLANG_WARN_QUOTED_INCLUDE_IN_FRAMEWORK_HEADER = YES;
				CLANG_WARN_RANGE_LOOP_ANALYSIS = YES;
				CLANG_WARN_STRICT_PROTOTYPES = YES;
				CLANG_WARN_SUSPICIOUS_MOVE = YES;
				CLANG_WARN_UNGUARDED_AVAILABILITY = YES_AGGRESSIVE;
				CLANG_WARN_UNREACHABLE_CODE = YES;
				CLANG_WARN__DUPLICATE_METHOD_MATCH = YES;
				COPY_PHASE_STRIP = NO;
				DEBUG_INFORMATION_FORMAT = "dwarf-with-dsym";
				ENABLE_NS_ASSERTIONS = NO;
				ENABLE_STRICT_OBJC_MSGSEND = YES;
				GCC_C_LANGUAGE_STANDARD = gnu11;
				GCC_NO_COMMON_BLOCKS = YES;
				GCC_WARN_64_TO_32_BIT_CONVERSION = YES;
				GCC_WARN_ABOUT_RETURN_TYPE = YES_ERROR;
				GCC_WARN_UNDECLARED_SELECTOR = YES;
				GCC_WARN_UNINITIALIZED_AUTOS = YES_AGGRESSIVE;
				GCC_WARN_UNUSED_FUNCTION = YES;
				GCC_WARN_UNUSED_VARIABLE = YES;
				IPHONEOS_DEPLOYMENT_TARGET = 16.2;
				MTL_ENABLE_DEBUG_INFO = NO;
				MTL_FAST_MATH = YES;
				SDKROOT = iphoneos;
				SWIFT_COMPILATION_MODE = wholemodule;
				SWIFT_OPTIMIZATION_LEVEL = "-O";
				VALIDATE_PRODUCT = YES;
			};
			name = Release;
		};
		BC77310F2E2130D500F99A54 /* Debug */ = {
			isa = XCBuildConfiguration;
			buildSettings = {
				ASSETCATALOG_COMPILER_APPICON_NAME = AppIcon;
				ASSETCATALOG_COMPILER_GLOBAL_ACCENT_COLOR_NAME = AccentColor;
				CODE_SIGN_STYLE = Automatic;
				CURRENT_PROJECT_VERSION = 1;
				DEVELOPMENT_TEAM = 28W33X4K57;
				GENERATE_INFOPLIST_FILE = YES;
				INFOPLIST_FILE = StarWars/Info.plist;
				INFOPLIST_KEY_UIApplicationSupportsIndirectInputEvents = YES;
				INFOPLIST_KEY_UILaunchStoryboardName = LaunchScreen;
				INFOPLIST_KEY_UIStatusBarStyle = UIStatusBarStyleDarkContent;
				INFOPLIST_KEY_UISupportedInterfaceOrientations = UIInterfaceOrientationPortrait;
				LD_RUNPATH_SEARCH_PATHS = (
					"$(inherited)",
					"@executable_path/Frameworks",
				);
				MARKETING_VERSION = 1.0;
				PRODUCT_BUNDLE_IDENTIFIER = com.marianamendes.StarWars;
				PRODUCT_NAME = "$(TARGET_NAME)";
				SWIFT_EMIT_LOC_STRINGS = YES;
				SWIFT_VERSION = 5.0;
				TARGETED_DEVICE_FAMILY = "1,2";
			};
			name = Debug;
		};
		BC7731102E2130D500F99A54 /* Release */ = {
			isa = XCBuildConfiguration;
			buildSettings = {
				ASSETCATALOG_COMPILER_APPICON_NAME = AppIcon;
				ASSETCATALOG_COMPILER_GLOBAL_ACCENT_COLOR_NAME = AccentColor;
				CODE_SIGN_STYLE = Automatic;
				CURRENT_PROJECT_VERSION = 1;
				DEVELOPMENT_TEAM = 28W33X4K57;
				GENERATE_INFOPLIST_FILE = YES;
				INFOPLIST_FILE = StarWars/Info.plist;
				INFOPLIST_KEY_UIApplicationSupportsIndirectInputEvents = YES;
				INFOPLIST_KEY_UILaunchStoryboardName = LaunchScreen;
				INFOPLIST_KEY_UIStatusBarStyle = UIStatusBarStyleDarkContent;
				INFOPLIST_KEY_UISupportedInterfaceOrientations = UIInterfaceOrientationPortrait;
				LD_RUNPATH_SEARCH_PATHS = (
					"$(inherited)",
					"@executable_path/Frameworks",
				);
				MARKETING_VERSION = 1.0;
				PRODUCT_BUNDLE_IDENTIFIER = com.marianamendes.StarWars;
				PRODUCT_NAME = "$(TARGET_NAME)";
				SWIFT_EMIT_LOC_STRINGS = YES;
				SWIFT_VERSION = 5.0;
				TARGETED_DEVICE_FAMILY = "1,2";
			};
			name = Release;
		};
		BC77313B2E21870E00F99A54 /* Debug */ = {
			isa = XCBuildConfiguration;
			buildSettings = {
				BUNDLE_LOADER = "$(TEST_HOST)";
				CODE_SIGN_STYLE = Automatic;
				CURRENT_PROJECT_VERSION = 1;
				DEVELOPMENT_TEAM = 28W33X4K57;
				GENERATE_INFOPLIST_FILE = YES;
				MARKETING_VERSION = 1.0;
				PRODUCT_BUNDLE_IDENTIFIER = com.marianamendes.StarWarsTests;
				PRODUCT_NAME = "$(TARGET_NAME)";
				SWIFT_EMIT_LOC_STRINGS = NO;
				SWIFT_VERSION = 5.0;
				TARGETED_DEVICE_FAMILY = "1,2";
				TEST_HOST = "$(BUILT_PRODUCTS_DIR)/StarWars.app/$(BUNDLE_EXECUTABLE_FOLDER_PATH)/StarWars";
			};
			name = Debug;
		};
		BC77313C2E21870E00F99A54 /* Release */ = {
			isa = XCBuildConfiguration;
			buildSettings = {
				BUNDLE_LOADER = "$(TEST_HOST)";
				CODE_SIGN_STYLE = Automatic;
				CURRENT_PROJECT_VERSION = 1;
				DEVELOPMENT_TEAM = 28W33X4K57;
				GENERATE_INFOPLIST_FILE = YES;
				MARKETING_VERSION = 1.0;
				PRODUCT_BUNDLE_IDENTIFIER = com.marianamendes.StarWarsTests;
				PRODUCT_NAME = "$(TARGET_NAME)";
				SWIFT_EMIT_LOC_STRINGS = NO;
				SWIFT_VERSION = 5.0;
				TARGETED_DEVICE_FAMILY = "1,2";
				TEST_HOST = "$(BUILT_PRODUCTS_DIR)/StarWars.app/$(BUNDLE_EXECUTABLE_FOLDER_PATH)/StarWars";
			};
			name = Release;
		};
/* End XCBuildConfiguration section */

/* Begin XCConfigurationList section */
		BC7730F52E2130D300F99A54 /* Build configuration list for PBXProject "StarWars" */ = {
			isa = XCConfigurationList;
			buildConfigurations = (
				BC77310C2E2130D500F99A54 /* Debug */,
				BC77310D2E2130D500F99A54 /* Release */,
			);
			defaultConfigurationIsVisible = 0;
			defaultConfigurationName = Release;
		};
		BC77310E2E2130D500F99A54 /* Build configuration list for PBXNativeTarget "StarWars" */ = {
			isa = XCConfigurationList;
			buildConfigurations = (
				BC77310F2E2130D500F99A54 /* Debug */,
				BC7731102E2130D500F99A54 /* Release */,
			);
			defaultConfigurationIsVisible = 0;
			defaultConfigurationName = Release;
		};
		BC77313A2E21870E00F99A54 /* Build configuration list for PBXNativeTarget "StarWarsTests" */ = {
			isa = XCConfigurationList;
			buildConfigurations = (
				BC77313B2E21870E00F99A54 /* Debug */,
				BC77313C2E21870E00F99A54 /* Release */,
			);
			defaultConfigurationIsVisible = 0;
			defaultConfigurationName = Release;
		};
/* End XCConfigurationList section */
	};
	rootObject = BC7730F22E2130D300F99A54 /* Project object */;
}
